
Microsoft Visual Studio Solution File, Format Version 12.00
# Visual Studio Version 17
VisualStudioVersion = 17.0.31903.59
MinimumVisualStudioVersion = 10.0.40219.1
Project("{9A19103F-16F7-4668-BE54-9A1E7A4F7556}") = "riverbooks.web", "riverbooks.web\riverbooks.web.csproj", "{153D6858-AA15-49A5-B820-6FCFCA6BECB7}"
EndProject
Project("{2150E333-8FDC-42A3-9474-1A3956D46DE8}") = "Books Module", "Books Module", "{58FA490E-B35A-41A5-BDEE-DE2607A1E27D}"
EndProject
Project("{9A19103F-16F7-4668-BE54-9A1E7A4F7556}") = "RiverBooks.Books", "RiverBooks.Books\RiverBooks.Books.csproj", "{032066CE-2928-407D-BACD-8D302419ADD7}"
EndProject
Project("{9A19103F-16F7-4668-BE54-9A1E7A4F7556}") = "RiverBooks.Books.Test", "RiverBooks.Books.Test\RiverBooks.Books.Test.csproj", "{C458217A-49CF-440C-BD65-E162E194C716}"
EndProject
Project("{2150E333-8FDC-42A3-9474-1A3956D46DE8}") = "Users Module", "Users Module", "{9B71BBB2-9915-45DE-885E-B1ABEE384B3F}"
EndProject
Project("{9A19103F-16F7-4668-BE54-9A1E7A4F7556}") = "RiverBooks.Users", "Users Module\Riverbooks.Users\RiverBooks.Users.csproj", "{77CF1A9E-14F5-4FC9-95ED-F846E2759A90}"
EndProject
Project("{2150E333-8FDC-42A3-9474-1A3956D46DE8}") = "Solution Items", "Solution Items", "{EDC77DF8-1BA8-470F-BF47-FE5A3444A9D8}"
	ProjectSection(SolutionItems) = preProject
		readme.md = readme.md
	EndProjectSection
EndProject
Project("{2150E333-8FDC-42A3-9474-1A3956D46DE8}") = "OrderProcessing Module", "OrderProcessing Module", "{52ED7E5D-E927-4C33-AE83-6D32682CD787}"
EndProject
Project("{FAE04EC0-301F-11D3-BF4B-00C04F79EFBC}") = "Riverbooks.OrderProcessing", "OrderProcessing\Riverbooks.OrderProcessing\Riverbooks.OrderProcessing.csproj", "{B20F1B72-0470-4547-BBFB-1B99DC8495E8}"
EndProject
Project("{FAE04EC0-301F-11D3-BF4B-00C04F79EFBC}") = "OrderProcessing.Contracts", "OrderProcessing\OrderProcessing.Contracts\OrderProcessing.Contracts.csproj", "{D79927BD-2AF8-49E4-9659-9E057F40E7DB}"
EndProject
Global
	GlobalSection(SolutionConfigurationPlatforms) = preSolution
		Debug|Any CPU = Debug|Any CPU
		Release|Any CPU = Release|Any CPU
	EndGlobalSection
	GlobalSection(ProjectConfigurationPlatforms) = postSolution
		{153D6858-AA15-49A5-B820-6FCFCA6BECB7}.Debug|Any CPU.ActiveCfg = Debug|Any CPU
		{153D6858-AA15-49A5-B820-6FCFCA6BECB7}.Debug|Any CPU.Build.0 = Debug|Any CPU
		{153D6858-AA15-49A5-B820-6FCFCA6BECB7}.Release|Any CPU.ActiveCfg = Release|Any CPU
		{153D6858-AA15-49A5-B820-6FCFCA6BECB7}.Release|Any CPU.Build.0 = Release|Any CPU
		{032066CE-2928-407D-BACD-8D302419ADD7}.Debug|Any CPU.ActiveCfg = Debug|Any CPU
		{032066CE-2928-407D-BACD-8D302419ADD7}.Debug|Any CPU.Build.0 = Debug|Any CPU
		{032066CE-2928-407D-BACD-8D302419ADD7}.Release|Any CPU.ActiveCfg = Release|Any CPU
		{032066CE-2928-407D-BACD-8D302419ADD7}.Release|Any CPU.Build.0 = Release|Any CPU
		{C458217A-49CF-440C-BD65-E162E194C716}.Debug|Any CPU.ActiveCfg = Debug|Any CPU
		{C458217A-49CF-440C-BD65-E162E194C716}.Debug|Any CPU.Build.0 = Debug|Any CPU
		{C458217A-49CF-440C-BD65-E162E194C716}.Release|Any CPU.ActiveCfg = Release|Any CPU
		{C458217A-49CF-440C-BD65-E162E194C716}.Release|Any CPU.Build.0 = Release|Any CPU
		{77CF1A9E-14F5-4FC9-95ED-F846E2759A90}.Debug|Any CPU.ActiveCfg = Debug|Any CPU
		{77CF1A9E-14F5-4FC9-95ED-F846E2759A90}.Debug|Any CPU.Build.0 = Debug|Any CPU
		{77CF1A9E-14F5-4FC9-95ED-F846E2759A90}.Release|Any CPU.ActiveCfg = Release|Any CPU
		{77CF1A9E-14F5-4FC9-95ED-F846E2759A90}.Release|Any CPU.Build.0 = Release|Any CPU
		{B20F1B72-0470-4547-BBFB-1B99DC8495E8}.Debug|Any CPU.ActiveCfg = Debug|Any CPU
		{B20F1B72-0470-4547-BBFB-1B99DC8495E8}.Debug|Any CPU.Build.0 = Debug|Any CPU
		{B20F1B72-0470-4547-BBFB-1B99DC8495E8}.Release|Any CPU.ActiveCfg = Release|Any CPU
		{B20F1B72-0470-4547-BBFB-1B99DC8495E8}.Release|Any CPU.Build.0 = Release|Any CPU
		{D79927BD-2AF8-49E4-9659-9E057F40E7DB}.Debug|Any CPU.ActiveCfg = Debug|Any CPU
		{D79927BD-2AF8-49E4-9659-9E057F40E7DB}.Debug|Any CPU.Build.0 = Debug|Any CPU
		{D79927BD-2AF8-49E4-9659-9E057F40E7DB}.Release|Any CPU.ActiveCfg = Release|Any CPU
		{D79927BD-2AF8-49E4-9659-9E057F40E7DB}.Release|Any CPU.Build.0 = Release|Any CPU
	EndGlobalSection
	GlobalSection(SolutionProperties) = preSolution
		HideSolutionNode = FALSE
	EndGlobalSection
	GlobalSection(NestedProjects) = preSolution
		{032066CE-2928-407D-BACD-8D302419ADD7} = {58FA490E-B35A-41A5-BDEE-DE2607A1E27D}
		{C458217A-49CF-440C-BD65-E162E194C716} = {58FA490E-B35A-41A5-BDEE-DE2607A1E27D}
		{77CF1A9E-14F5-4FC9-95ED-F846E2759A90} = {9B71BBB2-9915-45DE-885E-B1ABEE384B3F}
		{B20F1B72-0470-4547-BBFB-1B99DC8495E8} = {52ED7E5D-E927-4C33-AE83-6D32682CD787}
		{D79927BD-2AF8-49E4-9659-9E057F40E7DB} = {52ED7E5D-E927-4C33-AE83-6D32682CD787}
	EndGlobalSection
	GlobalSection(ExtensibilityGlobals) = postSolution
		SolutionGuid = {56AF4F7C-08ED-4275-8EC8-87637E6BC992}
	EndGlobalSection
EndGlobal
